
Microsoft Visual Studio Solution File, Format Version 12.00
# Visual Studio Version 16
VisualStudioVersion = 16.0.28803.352
MinimumVisualStudioVersion = 10.0.40219.1
Project("{FAE04EC0-301F-11D3-BF4B-00C04F79EFBC}") = "Funda.Service", "Funda.Service\Funda.Service.csproj", "{9F8B9168-A969-48D1-83DB-1A682C6367E1}"
EndProject
Project("{FAE04EC0-301F-11D3-BF4B-00C04F79EFBC}") = "Funda.DataAccess", "Funda.DataAccess\Funda.DataAccess.csproj", "{CAA50512-602F-4507-B94A-60F7345EEB86}"
EndProject
Project("{FAE04EC0-301F-11D3-BF4B-00C04F79EFBC}") = "Funda.Models", "Funda.Models\Funda.Models.csproj", "{A022937B-24F7-4B0D-910C-2A8332E96658}"
EndProject
Project("{FAE04EC0-301F-11D3-BF4B-00C04F79EFBC}") = "Funda.Business", "Funda.Business\Funda.Business.csproj", "{7C61A541-660B-43C3-9FF5-9EF364D91A57}"
EndProject
Global
	GlobalSection(SolutionConfigurationPlatforms) = preSolution
		Debug|Any CPU = Debug|Any CPU
		Release|Any CPU = Release|Any CPU
	EndGlobalSection
	GlobalSection(ProjectConfigurationPlatforms) = postSolution
		{9F8B9168-A969-48D1-83DB-1A682C6367E1}.Debug|Any CPU.ActiveCfg = Debug|Any CPU
		{9F8B9168-A969-48D1-83DB-1A682C6367E1}.Debug|Any CPU.Build.0 = Debug|Any CPU
		{9F8B9168-A969-48D1-83DB-1A682C6367E1}.Release|Any CPU.ActiveCfg = Release|Any CPU
		{9F8B9168-A969-48D1-83DB-1A682C6367E1}.Release|Any CPU.Build.0 = Release|Any CPU
		{CAA50512-602F-4507-B94A-60F7345EEB86}.Debug|Any CPU.ActiveCfg = Debug|Any CPU
		{CAA50512-602F-4507-B94A-60F7345EEB86}.Debug|Any CPU.Build.0 = Debug|Any CPU
		{CAA50512-602F-4507-B94A-60F7345EEB86}.Release|Any CPU.ActiveCfg = Release|Any CPU
		{CAA50512-602F-4507-B94A-60F7345EEB86}.Release|Any CPU.Build.0 = Release|Any CPU
		{A022937B-24F7-4B0D-910C-2A8332E96658}.Debug|Any CPU.ActiveCfg = Debug|Any CPU
		{A022937B-24F7-4B0D-910C-2A8332E96658}.Debug|Any CPU.Build.0 = Debug|Any CPU
		{A022937B-24F7-4B0D-910C-2A8332E96658}.Release|Any CPU.ActiveCfg = Release|Any CPU
		{A022937B-24F7-4B0D-910C-2A8332E96658}.Release|Any CPU.Build.0 = Release|Any CPU
		{7C61A541-660B-43C3-9FF5-9EF364D91A57}.Debug|Any CPU.ActiveCfg = Debug|Any CPU
		{7C61A541-660B-43C3-9FF5-9EF364D91A57}.Debug|Any CPU.Build.0 = Debug|Any CPU
		{7C61A541-660B-43C3-9FF5-9EF364D91A57}.Release|Any CPU.ActiveCfg = Release|Any CPU
		{7C61A541-660B-43C3-9FF5-9EF364D91A57}.Release|Any CPU.Build.0 = Release|Any CPU
	EndGlobalSection
	GlobalSection(SolutionProperties) = preSolution
		HideSolutionNode = FALSE
	EndGlobalSection
	GlobalSection(ExtensibilityGlobals) = postSolution
		SolutionGuid = {535AFB51-147D-4DD8-B221-923420DC0739}
	EndGlobalSection
EndGlobal
